
Microsoft Visual Studio Solution File, Format Version 12.00
# Visual Studio Version 17
VisualStudioVersion = 17.7.34024.191
MinimumVisualStudioVersion = 10.0.40219.1
Project("{8BC9CEB8-8B4A-11D0-8D11-00A0C91BC942}") = "Linux_netdisk_server", "Linux_netdisk_server\Linux_netdisk_server.vcxproj", "{924D4755-4534-4ECE-933E-60B77B65C7CA}"
EndProject
Global
	GlobalSection(SolutionConfigurationPlatforms) = preSolution
		Debug|ARM = Debug|ARM
		Debug|ARM64 = Debug|ARM64
		Debug|x64 = Debug|x64
		Debug|x86 = Debug|x86
		Release|ARM = Release|ARM
		Release|ARM64 = Release|ARM64
		Release|x64 = Release|x64
		Release|x86 = Release|x86
	EndGlobalSection
	GlobalSection(ProjectConfigurationPlatforms) = postSolution
		{924D4755-4534-4ECE-933E-60B77B65C7CA}.Debug|ARM.ActiveCfg = Debug|ARM
		{924D4755-4534-4ECE-933E-60B77B65C7CA}.Debug|ARM.Build.0 = Debug|ARM
		{924D4755-4534-4ECE-933E-60B77B65C7CA}.Debug|ARM.Deploy.0 = Debug|ARM
		{924D4755-4534-4ECE-933E-60B77B65C7CA}.Debug|ARM64.ActiveCfg = Debug|ARM64
		{924D4755-4534-4ECE-933E-60B77B65C7CA}.Debug|ARM64.Build.0 = Debug|ARM64
		{924D4755-4534-4ECE-933E-60B77B65C7CA}.Debug|ARM64.Deploy.0 = Debug|ARM64
		{924D4755-4534-4ECE-933E-60B77B65C7CA}.Debug|x64.ActiveCfg = Debug|x64
		{924D4755-4534-4ECE-933E-60B77B65C7CA}.Debug|x64.Build.0 = Debug|x64
		{924D4755-4534-4ECE-933E-60B77B65C7CA}.Debug|x64.Deploy.0 = Debug|x64
		{924D4755-4534-4ECE-933E-60B77B65C7CA}.Debug|x86.ActiveCfg = Debug|x86
		{924D4755-4534-4ECE-933E-60B77B65C7CA}.Debug|x86.Build.0 = Debug|x86
		{924D4755-4534-4ECE-933E-60B77B65C7CA}.Debug|x86.Deploy.0 = Debug|x86
		{924D4755-4534-4ECE-933E-60B77B65C7CA}.Release|ARM.ActiveCfg = Release|ARM
		{924D4755-4534-4ECE-933E-60B77B65C7CA}.Release|ARM.Build.0 = Release|ARM
		{924D4755-4534-4ECE-933E-60B77B65C7CA}.Release|ARM.Deploy.0 = Release|ARM
		{924D4755-4534-4ECE-933E-60B77B65C7CA}.Release|ARM64.ActiveCfg = Release|ARM64
		{924D4755-4534-4ECE-933E-60B77B65C7CA}.Release|ARM64.Build.0 = Release|ARM64
		{924D4755-4534-4ECE-933E-60B77B65C7CA}.Release|ARM64.Deploy.0 = Release|ARM64
		{924D4755-4534-4ECE-933E-60B77B65C7CA}.Release|x64.ActiveCfg = Release|x64
		{924D4755-4534-4ECE-933E-60B77B65C7CA}.Release|x64.Build.0 = Release|x64
		{924D4755-4534-4ECE-933E-60B77B65C7CA}.Release|x64.Deploy.0 = Release|x64
		{924D4755-4534-4ECE-933E-60B77B65C7CA}.Release|x86.ActiveCfg = Release|x86
		{924D4755-4534-4ECE-933E-60B77B65C7CA}.Release|x86.Build.0 = Release|x86
		{924D4755-4534-4ECE-933E-60B77B65C7CA}.Release|x86.Deploy.0 = Release|x86
	EndGlobalSection
	GlobalSection(SolutionProperties) = preSolution
		HideSolutionNode = FALSE
	EndGlobalSection
	GlobalSection(ExtensibilityGlobals) = postSolution
		SolutionGuid = {EA45CAA6-C197-49AA-ACC1-B5E11E52F7CF}
	EndGlobalSection
EndGlobal
